
Microsoft Visual Studio Solution File, Format Version 12.00
# Visual Studio Version 16
VisualStudioVersion = 16.0.30128.74
MinimumVisualStudioVersion = 10.0.40219.1
Project("{FAE04EC0-301F-11D3-BF4B-00C04F79EFBC}") = "ProjectManager.Web", "ProjectManager.Web\ProjectManager.Web.csproj", "{1F5F4B65-6E7D-4FA3-AB42-BD05799013B2}"
EndProject
Global
	GlobalSection(SolutionConfigurationPlatforms) = preSolution
		Debug|Any CPU = Debug|Any CPU
		Release|Any CPU = Release|Any CPU
	EndGlobalSection
	GlobalSection(ProjectConfigurationPlatforms) = postSolution
		{1F5F4B65-6E7D-4FA3-AB42-BD05799013B2}.Debug|Any CPU.ActiveCfg = Debug|Any CPU
		{1F5F4B65-6E7D-4FA3-AB42-BD05799013B2}.Debug|Any CPU.Build.0 = Debug|Any CPU
		{1F5F4B65-6E7D-4FA3-AB42-BD05799013B2}.Release|Any CPU.ActiveCfg = Release|Any CPU
		{1F5F4B65-6E7D-4FA3-AB42-BD05799013B2}.Release|Any CPU.Build.0 = Release|Any CPU
	EndGlobalSection
	GlobalSection(SolutionProperties) = preSolution
		HideSolutionNode = FALSE
	EndGlobalSection
	GlobalSection(ExtensibilityGlobals) = postSolution
		SolutionGuid = {F126079D-BA4E-44B6-8B3F-CFA7A084D54F}
	EndGlobalSection
EndGlobal
